{
    "_readme": [
        "This file locks the dependencies of your project to a known state",
        "Read more about it at https://getcomposer.org/doc/01-basic-usage.md#installing-dependencies",
        "This file is @generated automatically"
    ],
    "content-hash": "73173dea539ee95bf5368734703fc83d",
    "packages": [
        {
            "name": "components/font-awesome",
            "version": "5.15.1",
            "source": {
                "type": "git",
                "url": "https://github.com/components/font-awesome.git",
                "reference": "6943708effe6d823d40255bcdbe9ee021312c880"
            },
            "dist": {
                "type": "zip",
                "url": "https://api.github.com/repos/components/font-awesome/zipball/6943708effe6d823d40255bcdbe9ee021312c880",
                "reference": "6943708effe6d823d40255bcdbe9ee021312c880",
                "shasum": ""
            },
            "type": "component",
            "extra": {
                "component": {
                    "styles": [
                        "css/all.css"
                    ],
                    "files": [
                        "css/all.min.css",
                        "webfonts/*"
                    ]
                }
            },
            "notification-url": "https://packagist.org/downloads/",
            "license": [
                "CC-BY-4.0",
                "MIT",
                "OFL-1.1"
            ],
            "description": "Font Awesome, the iconic SVG, font, and CSS framework.",
            "support": {
                "issues": "https://github.com/components/font-awesome/issues",
                "source": "https://github.com/components/font-awesome/tree/5.15.1"
            },
            "time": "2020-10-06T06:45:49+00:00"
        },
        {
            "name": "components/jquery",
            "version": "3.5.1",
            "source": {
                "type": "git",
                "url": "https://github.com/components/jquery.git",
                "reference": "b33e8f0f9a1cb2ae390cf05d766a900b53d2125b"
            },
            "dist": {
                "type": "zip",
                "url": "https://api.github.com/repos/components/jquery/zipball/b33e8f0f9a1cb2ae390cf05d766a900b53d2125b",
                "reference": "b33e8f0f9a1cb2ae390cf05d766a900b53d2125b",
                "shasum": ""
            },
            "type": "component",
            "extra": {
                "component": {
                    "scripts": [
                        "jquery.js"
                    ],
                    "files": [
                        "jquery.min.js",
                        "jquery.min.map",
                        "jquery.slim.js",
                        "jquery.slim.min.js",
                        "jquery.slim.min.map"
                    ]
                }
            },
            "notification-url": "https://packagist.org/downloads/",
            "license": [
                "MIT"
            ],
            "authors": [
                {
                    "name": "JS Foundation and other contributors"
                }
            ],
            "description": "jQuery JavaScript Library",
            "homepage": "http://jquery.com",
            "support": {
                "forum": "http://forum.jquery.com",
                "irc": "irc://irc.freenode.org/jquery",
                "issues": "https://github.com/jquery/jquery/issues",
                "source": "https://github.com/jquery/jquery",
                "wiki": "http://docs.jquery.com/"
            },
            "time": "2020-05-05T13:21:02+00:00"
        },
        {
            "name": "components/masonry",
            "version": "4.2.0",
            "source": {
                "type": "git",
                "url": "https://github.com/components/masonry.git",
                "reference": "b43b7a0771c85ad5fd49f3b0fac86f804b228ec8"
            },
            "dist": {
                "type": "zip",
                "url": "https://api.github.com/repos/components/masonry/zipball/b43b7a0771c85ad5fd49f3b0fac86f804b228ec8",
                "reference": "b43b7a0771c85ad5fd49f3b0fac86f804b228ec8",
                "shasum": ""
            },
            "type": "component",
            "extra": {
                "component": {
                    "main": "masonry.pkgd.js",
                    "scripts": [
                        "masonry.pkgd.js"
                    ],
                    "files": [
                        "masonry.pkgd.min.js"
                    ],
                    "shim": {
                        "exports": "Masonry"
                    }
                }
            },
            "notification-url": "https://packagist.org/downloads/",
            "license": [
                "MIT"
            ],
            "authors": [
                {
                    "name": "David DeSandro",
                    "homepage": "http://desandro.com"
                }
            ],
            "description": "Cascading grid layout library",
            "homepage": "http://masonry.desandro.com",
            "support": {
                "issues": "https://github.com/desandro/masonry/issues",
                "source": "https://github.com/desandro/masonry"
            },
            "time": "2017-06-21T13:27:13+00:00"
        },
        {
            "name": "components/modernizr",
            "version": "3.5.0",
            "source": {
                "type": "git",
                "url": "https://github.com/components/modernizr.git",
                "reference": "f4fc5301da393558235c8c927937ed21a5a7c344"
            },
            "dist": {
                "type": "zip",
                "url": "https://api.github.com/repos/components/modernizr/zipball/f4fc5301da393558235c8c927937ed21a5a7c344",
                "reference": "f4fc5301da393558235c8c927937ed21a5a7c344",
                "shasum": ""
            },
            "type": "component",
            "extra": {
                "component": {
                    "scripts": [
                        "modernizr.js"
                    ],
                    "shim": {
                        "exports": "window.Modernizr"
                    }
                }
            },
            "notification-url": "https://packagist.org/downloads/",
            "license": [
                "MIT"
            ],
            "authors": [
                {
                    "name": "Faruk Ates"
                },
                {
                    "name": "Paul Irish"
                },
                {
                    "name": "Alex Sexton"
                },
                {
                    "name": "Ryan Seddon"
                },
                {
                    "name": "Stu Cox"
                },
                {
                    "name": "Patrick Kettner"
                },
                {
                    "name": "Richard Herrera"
                }
            ],
            "description": "Modernizr is a JavaScript library that detects HTML5 and CSS3 features in the user's browser.",
            "homepage": "https://modernizr.com",
            "keywords": [
                "CSS3",
                "HTML5",
                "browser",
                "feature detection"
            ],
            "support": {
                "issues": "https://github.com/components/modernizr/issues",
                "source": "https://github.com/components/modernizr/tree/master"
            },
            "time": "2017-07-06T07:27:29+00:00"
        },
        {
            "name": "components/normalize.css",
            "version": "3.0.3",
            "source": {
                "type": "git",
                "url": "https://github.com/components/normalize.css.git",
                "reference": "45dc73f97034936e7ab1838be4887a3be315824b"
            },
            "dist": {
                "type": "zip",
                "url": "https://api.github.com/repos/components/normalize.css/zipball/45dc73f97034936e7ab1838be4887a3be315824b",
                "reference": "45dc73f97034936e7ab1838be4887a3be315824b",
                "shasum": ""
            },
            "type": "component",
            "extra": {
                "component": {
                    "name": "normalize-css",
                    "styles": [
                        "normalize.css"
                    ]
                }
            },
            "notification-url": "https://packagist.org/downloads/",
            "license": [
                "MIT"
            ],
            "description": "Normalize.css is a customisable CSS file that makes browsers render all elements more consistently and in line with modern standards.",
            "homepage": "http://necolas.github.com/normalize.css/",
            "support": {
                "issues": "https://github.com/components/normalize.css/issues",
                "source": "https://github.com/components/normalize.css/tree/3.0.3"
            },
            "time": "2015-05-21T16:25:32+00:00"
        },
        {
            "name": "desandro/imagesloaded",
            "version": "v4.1.4",
            "source": {
                "type": "git",
                "url": "https://github.com/desandro/imagesloaded.git",
                "reference": "67c4e57453120935180c45c6820e7d3fbd2ea1f9"
            },
            "dist": {
                "type": "zip",
                "url": "https://api.github.com/repos/desandro/imagesloaded/zipball/67c4e57453120935180c45c6820e7d3fbd2ea1f9",
                "reference": "67c4e57453120935180c45c6820e7d3fbd2ea1f9",
                "shasum": ""
            },
            "type": "component",
            "notification-url": "https://packagist.org/downloads/",
            "license": [
                "MIT"
            ],
            "authors": [
                {
                    "name": "David DeSandro",
                    "homepage": "http://desandro.com/",
                    "role": "developer"
                }
            ],
            "description": "JavaScript is all like _You images done yet or what?_",
            "homepage": "http://imagesloaded.desandro.com",
            "keywords": [
                "dom",
                "images",
                "javascript",
                "jquery-plugin",
                "library",
                "loaded",
                "ui"
            ],
            "support": {
                "issues": "https://github.com/desandro/imagesloaded/issues",
                "source": "https://github.com/desandro/imagesloaded/tree/v4.1.4"
            },
            "time": "2018-01-02T16:53:35+00:00"
        },
        {
            "name": "mervick/material-design-icons",
            "version": "2.2.0",
            "source": {
                "type": "git",
                "url": "https://github.com/mervick/material-design-icons.git",
                "reference": "635435c8d3df3a6da3241648caf8a65d1c07cc1a"
            },
            "dist": {
                "type": "zip",
                "url": "https://api.github.com/repos/mervick/material-design-icons/zipball/635435c8d3df3a6da3241648caf8a65d1c07cc1a",
                "reference": "635435c8d3df3a6da3241648caf8a65d1c07cc1a",
                "shasum": ""
            },
            "type": "library",
            "notification-url": "https://packagist.org/downloads/",
            "license": [
                "MIT",
                "CC-BY-4.0"
            ],
            "authors": [
                {
                    "name": "Andrey Izman",
                    "email": "izmanw@gmail.com"
                }
            ],
            "description": "Google Material Design Icons For Using With Bootstrap",
            "homepage": "http://github.com/mervick/material-design-icons",
            "keywords": [
                "bootstrap",
                "google",
                "icons",
                "icons-web-font",
                "material",
                "material-design",
                "web-font"
            ],
            "support": {
                "issues": "https://github.com/mervick/material-design-icons/issues",
                "source": "http://github.com/mervick/material-design-icons"
            },
            "time": "2016-02-22T01:05:40+00:00"
        },
        {
            "name": "nmrugg/stockfish.js",
            "version": "10.0",
            "source": {
                "type": "git",
                "url": "https://github.com/nmrugg/stockfish.js.git",
                "reference": "master"
            },
            "type": "library"
        }
    ],
    "packages-dev": [],
    "aliases": [],
    "minimum-stability": "stable",
    "stability-flags": [],
    "prefer-stable": false,
    "prefer-lowest": false,
    "platform": [],
    "platform-dev": [],
    "plugin-api-version": "2.0.0"
}
